PODS:
  - AnimatedField (2.4.4)
  - SnapKit (5.6.0)

DEPENDENCIES:
  - AnimatedField
  - SnapKit

SPEC REPOS:
  trunk:
    - AnimatedField
    - SnapKit

SPEC CHECKSUMS:
  AnimatedField: af48a2d59a50b33b30446267f7f2af274296203c
  SnapKit: e01d52ebb8ddbc333eefe2132acf85c8227d9c25

PODFILE CHECKSUM: 213031c13104db73ea9e56e1036a7bc1a58d4c7c

COCOAPODS: 1.11.3
