PODS:
  - AnimatedField (2.4.4)
  - SnapKit (5.6.0)

DEPENDENCIES:
  - AnimatedField
  - SnapKit

SPEC REPOS:
  trunk:
    - AnimatedField
    - SnapKit

SPEC CHECKSUMS:
  AnimatedField: af48a2d59a50b33b30446267f7f2af274296203c
  SnapKit: e01d52ebb8ddbc333eefe2132acf85c8227d9c25

PODFILE CHECKSUM: 975d2246226e55057767d9a4a2c8a017485ca97a

COCOAPODS: 1.11.3
